
Microsoft Visual Studio Solution File, Format Version 12.00
# Visual Studio Version 17
VisualStudioVersion = 17.8.34309.116
MinimumVisualStudioVersion = 10.0.40219.1
Project("{9A19103F-16F7-4668-BE54-9A1E7A4F7556}") = "UsuarioLib", "UsuarioLib\UsuarioLib.csproj", "{82418274-F209-4DF2-B543-121C5393F3CF}"
EndProject
Project("{9A19103F-16F7-4668-BE54-9A1E7A4F7556}") = "UsuarioProgram", "UsuarioProgram\UsuarioProgram.csproj", "{10D9C192-084B-43C8-BC85-E46903E54B9D}"
EndProject
Project("{2150E333-8FDC-42A3-9474-1A3956D46DE8}") = "Gerenciamento de memória", "Gerenciamento de memória", "{E77A4828-22E1-4B34-B53C-70A9DFD8B08A}"
EndProject
Global
	GlobalSection(SolutionConfigurationPlatforms) = preSolution
		Debug|Any CPU = Debug|Any CPU
		Release|Any CPU = Release|Any CPU
	EndGlobalSection
	GlobalSection(ProjectConfigurationPlatforms) = postSolution
		{82418274-F209-4DF2-B543-121C5393F3CF}.Debug|Any CPU.ActiveCfg = Debug|Any CPU
		{82418274-F209-4DF2-B543-121C5393F3CF}.Debug|Any CPU.Build.0 = Debug|Any CPU
		{82418274-F209-4DF2-B543-121C5393F3CF}.Release|Any CPU.ActiveCfg = Release|Any CPU
		{82418274-F209-4DF2-B543-121C5393F3CF}.Release|Any CPU.Build.0 = Release|Any CPU
		{10D9C192-084B-43C8-BC85-E46903E54B9D}.Debug|Any CPU.ActiveCfg = Debug|Any CPU
		{10D9C192-084B-43C8-BC85-E46903E54B9D}.Debug|Any CPU.Build.0 = Debug|Any CPU
		{10D9C192-084B-43C8-BC85-E46903E54B9D}.Release|Any CPU.ActiveCfg = Release|Any CPU
		{10D9C192-084B-43C8-BC85-E46903E54B9D}.Release|Any CPU.Build.0 = Release|Any CPU
	EndGlobalSection
	GlobalSection(SolutionProperties) = preSolution
		HideSolutionNode = FALSE
	EndGlobalSection
	GlobalSection(NestedProjects) = preSolution
		{82418274-F209-4DF2-B543-121C5393F3CF} = {E77A4828-22E1-4B34-B53C-70A9DFD8B08A}
		{10D9C192-084B-43C8-BC85-E46903E54B9D} = {E77A4828-22E1-4B34-B53C-70A9DFD8B08A}
	EndGlobalSection
	GlobalSection(ExtensibilityGlobals) = postSolution
		SolutionGuid = {3182CE03-CF43-4B7F-9DA2-ECF6CA068016}
	EndGlobalSection
EndGlobal
