
Microsoft Visual Studio Solution File, Format Version 12.00
# Visual Studio Version 17
VisualStudioVersion = 17.8.34330.188
MinimumVisualStudioVersion = 10.0.40219.1
Project("{FAE04EC0-301F-11D3-BF4B-00C04F79EFBC}") = "LibraryMenagement", "LibraryMenagement\LibraryMenagement.csproj", "{97DBCCEE-E79E-4D71-ACF3-DF0D20A6E54A}"
EndProject
Global
	GlobalSection(SolutionConfigurationPlatforms) = preSolution
		Debug|Any CPU = Debug|Any CPU
		Release|Any CPU = Release|Any CPU
	EndGlobalSection
	GlobalSection(ProjectConfigurationPlatforms) = postSolution
		{97DBCCEE-E79E-4D71-ACF3-DF0D20A6E54A}.Debug|Any CPU.ActiveCfg = Debug|Any CPU
		{97DBCCEE-E79E-4D71-ACF3-DF0D20A6E54A}.Debug|Any CPU.Build.0 = Debug|Any CPU
		{97DBCCEE-E79E-4D71-ACF3-DF0D20A6E54A}.Release|Any CPU.ActiveCfg = Release|Any CPU
		{97DBCCEE-E79E-4D71-ACF3-DF0D20A6E54A}.Release|Any CPU.Build.0 = Release|Any CPU
	EndGlobalSection
	GlobalSection(SolutionProperties) = preSolution
		HideSolutionNode = FALSE
	EndGlobalSection
	GlobalSection(ExtensibilityGlobals) = postSolution
		SolutionGuid = {DC21B518-77A4-4E6B-A380-A5879B1FFA3A}
	EndGlobalSection
EndGlobal
